
Microsoft Visual Studio Solution File, Format Version 12.00
# Visual Studio Version 16
VisualStudioVersion = 16.0.31025.194
MinimumVisualStudioVersion = 10.0.40219.1
Project("{9A19103F-16F7-4668-BE54-9A1E7A4F7556}") = "BBBL", "BBBL\BBBL.csproj", "{6C9FE1CA-8790-4A38-9D44-C31653198CCD}"
EndProject
Project("{9A19103F-16F7-4668-BE54-9A1E7A4F7556}") = "BBDL", "BBDL\BBDL.csproj", "{A44ADE88-851F-498E-8C21-1849DF58F65B}"
EndProject
Project("{9A19103F-16F7-4668-BE54-9A1E7A4F7556}") = "BBModels", "BBModels\BBModels.csproj", "{B790F7A7-31CE-4BBB-852B-5826E707F018}"
EndProject
Project("{9A19103F-16F7-4668-BE54-9A1E7A4F7556}") = "BBREST", "BBREST\BBREST.csproj", "{3550AD5B-0E56-4F06-8342-7B3955590F7E}"
EndProject
Project("{9A19103F-16F7-4668-BE54-9A1E7A4F7556}") = "BBTest", "BBTest\BBTest.csproj", "{961EA2DA-E60B-4D90-B37B-0F1E980E7058}"
EndProject
Global
	GlobalSection(SolutionConfigurationPlatforms) = preSolution
		Debug|Any CPU = Debug|Any CPU
		Release|Any CPU = Release|Any CPU
	EndGlobalSection
	GlobalSection(ProjectConfigurationPlatforms) = postSolution
		{6C9FE1CA-8790-4A38-9D44-C31653198CCD}.Debug|Any CPU.ActiveCfg = Debug|Any CPU
		{6C9FE1CA-8790-4A38-9D44-C31653198CCD}.Debug|Any CPU.Build.0 = Debug|Any CPU
		{6C9FE1CA-8790-4A38-9D44-C31653198CCD}.Release|Any CPU.ActiveCfg = Release|Any CPU
		{6C9FE1CA-8790-4A38-9D44-C31653198CCD}.Release|Any CPU.Build.0 = Release|Any CPU
		{A44ADE88-851F-498E-8C21-1849DF58F65B}.Debug|Any CPU.ActiveCfg = Debug|Any CPU
		{A44ADE88-851F-498E-8C21-1849DF58F65B}.Debug|Any CPU.Build.0 = Debug|Any CPU
		{A44ADE88-851F-498E-8C21-1849DF58F65B}.Release|Any CPU.ActiveCfg = Release|Any CPU
		{A44ADE88-851F-498E-8C21-1849DF58F65B}.Release|Any CPU.Build.0 = Release|Any CPU
		{B790F7A7-31CE-4BBB-852B-5826E707F018}.Debug|Any CPU.ActiveCfg = Debug|Any CPU
		{B790F7A7-31CE-4BBB-852B-5826E707F018}.Debug|Any CPU.Build.0 = Debug|Any CPU
		{B790F7A7-31CE-4BBB-852B-5826E707F018}.Release|Any CPU.ActiveCfg = Release|Any CPU
		{B790F7A7-31CE-4BBB-852B-5826E707F018}.Release|Any CPU.Build.0 = Release|Any CPU
		{3550AD5B-0E56-4F06-8342-7B3955590F7E}.Debug|Any CPU.ActiveCfg = Debug|Any CPU
		{3550AD5B-0E56-4F06-8342-7B3955590F7E}.Debug|Any CPU.Build.0 = Debug|Any CPU
		{3550AD5B-0E56-4F06-8342-7B3955590F7E}.Release|Any CPU.ActiveCfg = Release|Any CPU
		{3550AD5B-0E56-4F06-8342-7B3955590F7E}.Release|Any CPU.Build.0 = Release|Any CPU
		{961EA2DA-E60B-4D90-B37B-0F1E980E7058}.Debug|Any CPU.ActiveCfg = Debug|Any CPU
		{961EA2DA-E60B-4D90-B37B-0F1E980E7058}.Debug|Any CPU.Build.0 = Debug|Any CPU
		{961EA2DA-E60B-4D90-B37B-0F1E980E7058}.Release|Any CPU.ActiveCfg = Release|Any CPU
		{961EA2DA-E60B-4D90-B37B-0F1E980E7058}.Release|Any CPU.Build.0 = Release|Any CPU
	EndGlobalSection
	GlobalSection(SolutionProperties) = preSolution
		HideSolutionNode = FALSE
	EndGlobalSection
	GlobalSection(ExtensibilityGlobals) = postSolution
		SolutionGuid = {FA4691CE-BE59-4285-9C29-9906FF163832}
	EndGlobalSection
EndGlobal
